<?xml version="1.0" encoding="utf-8"?>
<Project ToolsVersion="4.0" xmlns="http://schemas.microsoft.com/developer/msbuild/2003">
  <ItemGroup>
    <Natvis Include="$(MSBuildThisFileDirectory)..\..\natvis\wil.natvis" />
    <Natvis Include="$(MSBuildThisFileDirectory)..\..\natvis\wil.natstepfilter" />
  </ItemGroup>
  <ItemGroup>
    <Manifest Include="app.manifest" />
  </ItemGroup>
  <ItemGroup>
    <ApplicationDefinition Include="App.xaml" />
  </ItemGroup>
  <ItemGroup>
    <ClCompile Include="Controls\NodeGraphController.cpp" />
    <ClCompile Include="Controls\OutputWindow.cpp" />
    <ClCompile Include="Controls\LogWindow.cpp" />
    <ClCompile Include="Controls\PixelInspectorController.cpp" />
    <ClCompile Include="Controls\PixelTraceController.cpp" />
    <ClCompile Include="Controls\ShaderEditorController.cpp" />
    <ClCompile Include="pch.cpp" />
    <ClCompile Include="MainWindow.McpRoutes.cpp" />
    <ClCompile Include="MainWindow.GraphFileIo.cpp" />
    <ClCompile Include="MainWindow.RenderTick.cpp" />
    <ClCompile Include="MainWindow.WorkingSpace.cpp" />
    <ClCompile Include="$(GeneratedFilesDir)module.g.cpp" />
    <ClCompile Include="Rendering\RenderEngine.cpp" />
    <ClCompile Include="Effects\DxgiDuplicationSourceProvider.cpp" />
    <ClCompile Include="Effects\WindowsGraphicsCaptureSourceProvider.cpp" />
  </ItemGroup>
  <ItemGroup>
    <ClInclude Include="Controls\NodeGraphController.h" />
    <ClInclude Include="Controls\OutputWindow.h" />
    <ClInclude Include="Controls\NodeLog.h" />
    <ClInclude Include="Controls\LogWindow.h" />
    <ClInclude Include="Controls\PixelInspectorController.h" />
    <ClInclude Include="Controls\PixelTraceController.h" />
    <ClInclude Include="Controls\ShaderEditorController.h" />
    <ClInclude Include="Effects\CustomComputeShaderEffect.h" />
    <ClInclude Include="Effects\CustomPixelShaderEffect.h" />
    <ClInclude Include="Effects\EffectRegistry.h" />
    <ClInclude Include="Effects\PropertyMetadata.h" />
    <ClInclude Include="Effects\ImageLoader.h" />
    <ClInclude Include="Effects\ShaderCompiler.h" />
    <ClInclude Include="Effects\ShaderLabEffects.h" />
    <ClInclude Include="Effects\VideoSourceProvider.h" />
    <ClInclude Include="Version.h" />
    <ClInclude Include="Effects\SourceNodeFactory.h" />
    <ClInclude Include="Graph\EffectEdge.h" />
    <ClInclude Include="Graph\EffectGraph.h" />
    <ClInclude Include="Graph\EffectNode.h" />
    <ClInclude Include="Graph\NodeType.h" />
    <ClInclude Include="Graph\PropertyValue.h" />
    <ClInclude Include="pch.h" />
    <ClInclude Include="Rendering\DisplayInfo.h" />
    <ClInclude Include="Rendering\DisplayMonitor.h" />
    <ClInclude Include="Rendering\DisplayProfile.h" />
    <ClInclude Include="Rendering\GraphEvaluator.h" />
    <ClInclude Include="Rendering\D3D11ComputeRunner.h" />
    <ClInclude Include="Rendering\D3D11ComputeRunner.h" />
    <ClInclude Include="Rendering\IccProfileParser.h" />
    <ClInclude Include="Rendering\PipelineFormat.h" />
    <ClInclude Include="Rendering\RenderEngine.h" />
    <ClInclude Include="Rendering\FalseColorOverlay.h" />
    <ClInclude Include="Effects\DxgiDuplicationSourceProvider.h" />
    <ClInclude Include="Effects\WindowsGraphicsCaptureSourceProvider.h" />
  </ItemGroup>
  <ItemGroup>
    <Image Include="Assets\BadgeLogo.scale-100.png" />
    <Image Include="Assets\BadgeLogo.scale-125.png" />
    <Image Include="Assets\BadgeLogo.scale-150.png" />
    <Image Include="Assets\BadgeLogo.scale-200.png" />
    <Image Include="Assets\BadgeLogo.scale-400.png" />
    <Image Include="Assets\LargeTile.scale-100.png" />
    <Image Include="Assets\LargeTile.scale-125.png" />
    <Image Include="Assets\LargeTile.scale-150.png" />
    <Image Include="Assets\LargeTile.scale-200.png" />
    <Image Include="Assets\LargeTile.scale-400.png" />
    <Image Include="Assets\SmallTile.scale-100.png" />
    <Image Include="Assets\SmallTile.scale-125.png" />
    <Image Include="Assets\SmallTile.scale-150.png" />
    <Image Include="Assets\SmallTile.scale-200.png" />
    <Image Include="Assets\SmallTile.scale-400.png" />
    <Image Include="Assets\SplashScreen.scale-100.png" />
    <Image Include="Assets\SplashScreen.scale-125.png" />
    <Image Include="Assets\SplashScreen.scale-150.png" />
    <Image Include="Assets\SplashScreen.scale-200.png" />
    <Image Include="Assets\SplashScreen.scale-400.png" />
    <Image Include="Assets\Square150x150Logo.scale-100.png" />
    <Image Include="Assets\Square150x150Logo.scale-125.png" />
    <Image Include="Assets\Square150x150Logo.scale-150.png" />
    <Image Include="Assets\Square150x150Logo.scale-200.png" />
    <Image Include="Assets\Square150x150Logo.scale-400.png" />
    <Image Include="Assets\Square44x44Logo.altform-lightunplated_targetsize-16.png" />
    <Image Include="Assets\Square44x44Logo.altform-lightunplated_targetsize-24.png" />
    <Image Include="Assets\Square44x44Logo.altform-lightunplated_targetsize-256.png" />
    <Image Include="Assets\Square44x44Logo.altform-lightunplated_targetsize-32.png" />
    <Image Include="Assets\Square44x44Logo.altform-lightunplated_targetsize-48.png" />
    <Image Include="Assets\Square44x44Logo.altform-unplated_targetsize-16.png" />
    <Image Include="Assets\Square44x44Logo.altform-unplated_targetsize-256.png" />
    <Image Include="Assets\Square44x44Logo.altform-unplated_targetsize-32.png" />
    <Image Include="Assets\Square44x44Logo.altform-unplated_targetsize-48.png" />
    <Image Include="Assets\Square44x44Logo.scale-100.png" />
    <Image Include="Assets\Square44x44Logo.scale-125.png" />
    <Image Include="Assets\Square44x44Logo.scale-150.png" />
    <Image Include="Assets\Square44x44Logo.scale-200.altform-lightunplated_targetsize-16.png" />
    <Image Include="Assets\Square44x44Logo.scale-200.altform-lightunplated_targetsize-24.png" />
    <Image Include="Assets\Square44x44Logo.scale-200.altform-lightunplated_targetsize-256.png" />
    <Image Include="Assets\Square44x44Logo.scale-200.altform-lightunplated_targetsize-32.png" />
    <Image Include="Assets\Square44x44Logo.scale-200.altform-lightunplated_targetsize-48.png" />
    <Image Include="Assets\Square44x44Logo.scale-200.altform-unplated_targetsize-16.png" />
    <Image Include="Assets\Square44x44Logo.scale-200.altform-unplated_targetsize-24.png" />
    <Image Include="Assets\Square44x44Logo.scale-200.altform-unplated_targetsize-256.png" />
    <Image Include="Assets\Square44x44Logo.scale-200.altform-unplated_targetsize-32.png" />
    <Image Include="Assets\Square44x44Logo.scale-200.altform-unplated_targetsize-48.png" />
    <Image Include="Assets\Square44x44Logo.scale-200.png" />
    <Image Include="Assets\Square44x44Logo.scale-200.targetsize-16.png" />
    <Image Include="Assets\Square44x44Logo.scale-200.targetsize-24.png" />
    <Image Include="Assets\Square44x44Logo.scale-200.targetsize-256.png" />
    <Image Include="Assets\Square44x44Logo.scale-200.targetsize-32.png" />
    <Image Include="Assets\Square44x44Logo.scale-200.targetsize-48.png" />
    <Image Include="Assets\Square44x44Logo.scale-400.png" />
    <Image Include="Assets\Square44x44Logo.targetsize-16.png" />
    <Image Include="Assets\Square44x44Logo.targetsize-24.png" />
    <Image Include="Assets\Square44x44Logo.targetsize-24_altform-unplated.png" />
    <Image Include="Assets\Square44x44Logo.targetsize-256.png" />
    <Image Include="Assets\Square44x44Logo.targetsize-32.png" />
    <Image Include="Assets\Square44x44Logo.targetsize-48.png" />
    <Image Include="Assets\StoreLogo.scale-100.png" />
    <Image Include="Assets\StoreLogo.scale-125.png" />
    <Image Include="Assets\StoreLogo.scale-150.png" />
    <Image Include="Assets\StoreLogo.scale-200.png" />
    <Image Include="Assets\StoreLogo.scale-400.png" />
    <Image Include="Assets\Wide310x150Logo.scale-100.png" />
    <Image Include="Assets\Wide310x150Logo.scale-125.png" />
    <Image Include="Assets\Wide310x150Logo.scale-150.png" />
    <Image Include="Assets\Wide310x150Logo.scale-200.png" />
    <Image Include="Assets\Wide310x150Logo.scale-400.png" />
  </ItemGroup>
  <ItemGroup>
    <AppxManifest Include="Package.appxmanifest" />
  </ItemGroup>
  <ItemGroup>
    <None Include=".github\workflows\ci.yml" />
    <None Include=".github\workflows\release.yml" />
    <None Include=".gitignore" />
    <None Include="packages.config" />
    <None Include="scripts\EnsureMiniz.ps1" />
    <None Include="scripts\Install.ps1" />
    <None Include="ShaderLab.vcxproj.filters" />
  </ItemGroup>
  <ItemGroup>
    <Page Include="MainWindow.xaml" />
    <Page Include="EffectDesignerWindow.xaml" />
  </ItemGroup>
</Project>